// !$*UTF8*$!
{
	archiveVersion = 1;
	classes = {
	};
	objectVersion = 55;
	objects = {

/* Begin PBXBuildFile section */
		2A3A6B6327E82E4600742D50 /* 3.3.shader.fs in Sources */ = {isa = PBXBuildFile; fileRef = 2A9974CA27E314F900EF5F3E /* 3.3.shader.fs */; };
		2A3A6B6427E82E4600742D50 /* 3.3.shader.vs in Sources */ = {isa = PBXBuildFile; fileRef = 2A9974CB27E314FA00EF5F3E /* 3.3.shader.vs */; };
		2A9974B627E1C83D00EF5F3E /* main.cpp in Sources */ = {isa = PBXBuildFile; fileRef = 2A9974B527E1C83D00EF5F3E /* main.cpp */; };
		2A9974C027E1C89500EF5F3E /* OpenGL.framework in Frameworks */ = {isa = PBXBuildFile; fileRef = 2A9974BF27E1C89500EF5F3E /* OpenGL.framework */; };
		2A9974C227E1C92600EF5F3E /* glad.c in Sources */ = {isa = PBXBuildFile; fileRef = 2A9974C127E1C92600EF5F3E /* glad.c */; };
		2A9974C427E1CAC800EF5F3E /* libglfw.3.3.dylib in Frameworks */ = {isa = PBXBuildFile; fileRef = 2A9974C327E1CAC800EF5F3E /* libglfw.3.3.dylib */; };
		2A9974C527E1CAC800EF5F3E /* libglfw.3.3.dylib in Embed Libraries */ = {isa = PBXBuildFile; fileRef = 2A9974C327E1CAC800EF5F3E /* libglfw.3.3.dylib */; settings = {ATTRIBUTES = (CodeSignOnCopy, ); }; };
/* End PBXBuildFile section */

/* Begin PBXCopyFilesBuildPhase section */
		2A9974B027E1C83D00EF5F3E /* CopyFiles */ = {
			isa = PBXCopyFilesBuildPhase;
			buildActionMask = 2147483647;
			dstPath = /usr/share/man/man1/;
			dstSubfolderSpec = 0;
			files = (
			);
			runOnlyForDeploymentPostprocessing = 1;
		};
		2A9974C627E1CAC800EF5F3E /* Embed Libraries */ = {
			isa = PBXCopyFilesBuildPhase;
			buildActionMask = 2147483647;
			dstPath = "";
			dstSubfolderSpec = 10;
			files = (
				2A9974C527E1CAC800EF5F3E /* libglfw.3.3.dylib in Embed Libraries */,
			);
			name = "Embed Libraries";
			runOnlyForDeploymentPostprocessing = 0;
		};
/* End PBXCopyFilesBuildPhase section */

/* Begin PBXFileReference section */
		2A9974B227E1C83D00EF5F3E /* LearnOpenGL */ = {isa = PBXFileReference; explicitFileType = "compiled.mach-o.executable"; includeInIndex = 0; path = LearnOpenGL; sourceTree = BUILT_PRODUCTS_DIR; };
		2A9974B527E1C83D00EF5F3E /* main.cpp */ = {isa = PBXFileReference; lastKnownFileType = sourcecode.cpp.cpp; path = main.cpp; sourceTree = "<group>"; };
		2A9974BF27E1C89500EF5F3E /* OpenGL.framework */ = {isa = PBXFileReference; lastKnownFileType = wrapper.framework; name = OpenGL.framework; path = System/Library/Frameworks/OpenGL.framework; sourceTree = SDKROOT; };
		2A9974C127E1C92600EF5F3E /* glad.c */ = {isa = PBXFileReference; fileEncoding = 4; lastKnownFileType = sourcecode.c.c; path = glad.c; sourceTree = "<group>"; };
		2A9974C327E1CAC800EF5F3E /* libglfw.3.3.dylib */ = {isa = PBXFileReference; lastKnownFileType = "compiled.mach-o.dylib"; name = libglfw.3.3.dylib; path = ../../../../usr/local/Cellar/glfw/3.3.6/lib/libglfw.3.3.dylib; sourceTree = "<group>"; };
		2A9974CA27E314F900EF5F3E /* 3.3.shader.fs */ = {isa = PBXFileReference; fileEncoding = 4; lastKnownFileType = sourcecode.glsl; path = 3.3.shader.fs; sourceTree = "<group>"; };
		2A9974CB27E314FA00EF5F3E /* 3.3.shader.vs */ = {isa = PBXFileReference; fileEncoding = 4; lastKnownFileType = sourcecode.glsl; path = 3.3.shader.vs; sourceTree = "<group>"; };
/* End PBXFileReference section */

/* Begin PBXFrameworksBuildPhase section */
		2A9974AF27E1C83D00EF5F3E /* Frameworks */ = {
			isa = PBXFrameworksBuildPhase;
			buildActionMask = 2147483647;
			files = (
				2A9974C427E1CAC800EF5F3E /* libglfw.3.3.dylib in Frameworks */,
				2A9974C027E1C89500EF5F3E /* OpenGL.framework in Frameworks */,
			);
			runOnlyForDeploymentPostprocessing = 0;
		};
/* End PBXFrameworksBuildPhase section */

/* Begin PBXGroup section */
		2A9974A927E1C83D00EF5F3E = {
			isa = PBXGroup;
			children = (
				2A9974B427E1C83D00EF5F3E /* LearnOpenGL */,
				2A9974B327E1C83D00EF5F3E /* Products */,
				2A9974BC27E1C88700EF5F3E /* Frameworks */,
			);
			sourceTree = "<group>";
		};
		2A9974B327E1C83D00EF5F3E /* Products */ = {
			isa = PBXGroup;
			children = (
				2A9974B227E1C83D00EF5F3E /* LearnOpenGL */,
			);
			name = Products;
			sourceTree = "<group>";
		};
		2A9974B427E1C83D00EF5F3E /* LearnOpenGL */ = {
			isa = PBXGroup;
			children = (
				2A9974C127E1C92600EF5F3E /* glad.c */,
				2A9974B527E1C83D00EF5F3E /* main.cpp */,
				2A9974CA27E314F900EF5F3E /* 3.3.shader.fs */,
				2A9974CB27E314FA00EF5F3E /* 3.3.shader.vs */,
			);
			path = LearnOpenGL;
			sourceTree = "<group>";
		};
		2A9974BC27E1C88700EF5F3E /* Frameworks */ = {
			isa = PBXGroup;
			children = (
				2A9974C327E1CAC800EF5F3E /* libglfw.3.3.dylib */,
				2A9974BF27E1C89500EF5F3E /* OpenGL.framework */,
			);
			name = Frameworks;
			sourceTree = "<group>";
		};
/* End PBXGroup section */

/* Begin PBXNativeTarget section */
		2A9974B127E1C83D00EF5F3E /* LearnOpenGL */ = {
			isa = PBXNativeTarget;
			buildConfigurationList = 2A9974B927E1C83D00EF5F3E /* Build configuration list for PBXNativeTarget "LearnOpenGL" */;
			buildPhases = (
				2A9974AE27E1C83D00EF5F3E /* Sources */,
				2A9974AF27E1C83D00EF5F3E /* Frameworks */,
				2A9974B027E1C83D00EF5F3E /* CopyFiles */,
				2A9974C627E1CAC800EF5F3E /* Embed Libraries */,
			);
			buildRules = (
			);
			dependencies = (
			);
			name = LearnOpenGL;
			productName = LearnOpenGL;
			productReference = 2A9974B227E1C83D00EF5F3E /* LearnOpenGL */;
			productType = "com.apple.product-type.tool";
		};
/* End PBXNativeTarget section */

/* Begin PBXProject section */
		2A9974AA27E1C83D00EF5F3E /* Project object */ = {
			isa = PBXProject;
			attributes = {
				BuildIndependentTargetsInParallel = 1;
				LastUpgradeCheck = 1330;
				TargetAttributes = {
					2A9974B127E1C83D00EF5F3E = {
						CreatedOnToolsVersion = 13.3;
					};
				};
			};
			buildConfigurationList = 2A9974AD27E1C83D00EF5F3E /* Build configuration list for PBXProject "LearnOpenGL" */;
			compatibilityVersion = "Xcode 13.0";
			developmentRegion = en;
			hasScannedForEncodings = 0;
			knownRegions = (
				en,
				Base,
			);
			mainGroup = 2A9974A927E1C83D00EF5F3E;
			productRefGroup = 2A9974B327E1C83D00EF5F3E /* Products */;
			projectDirPath = "";
			projectRoot = "";
			targets = (
				2A9974B127E1C83D00EF5F3E /* LearnOpenGL */,
			);
		};
/* End PBXProject section */

/* Begin PBXSourcesBuildPhase section */
		2A9974AE27E1C83D00EF5F3E /* Sources */ = {
			isa = PBXSourcesBuildPhase;
			buildActionMask = 2147483647;
			files = (
				2A3A6B6327E82E4600742D50 /* 3.3.shader.fs in Sources */,
				2A3A6B6427E82E4600742D50 /* 3.3.shader.vs in Sources */,
				2A9974B627E1C83D00EF5F3E /* main.cpp in Sources */,
				2A9974C227E1C92600EF5F3E /* glad.c in Sources */,
			);
			runOnlyForDeploymentPostprocessing = 0;
		};
/* End PBXSourcesBuildPhase section */

/* Begin XCBuildConfiguration section */
		2A9974B727E1C83D00EF5F3E /* Debug */ = {
			isa = XCBuildConfiguration;
			buildSettings = {
				ALWAYS_SEARCH_USER_PATHS = NO;
				CLANG_ANALYZER_NONNULL = YES;
				CLANG_ANALYZER_NUMBER_OBJECT_CONVERSION = YES_AGGRESSIVE;
				CLANG_CXX_LANGUAGE_STANDARD = "gnu++17";
				CLANG_ENABLE_MODULES = YES;
				CLANG_ENABLE_OBJC_ARC = YES;
				CLANG_ENABLE_OBJC_WEAK = YES;
				CLANG_WARN_BLOCK_CAPTURE_AUTORELEASING = YES;
				CLANG_WARN_BOOL_CONVERSION = YES;
				CLANG_WARN_COMMA = YES;
				CLANG_WARN_CONSTANT_CONVERSION = YES;
				CLANG_WARN_DEPRECATED_OBJC_IMPLEMENTATIONS = YES;
				CLANG_WARN_DIRECT_OBJC_ISA_USAGE = YES_ERROR;
				CLANG_WARN_DOCUMENTATION_COMMENTS = YES;
				CLANG_WARN_EMPTY_BODY = YES;
				CLANG_WARN_ENUM_CONVERSION = YES;
				CLANG_WARN_INFINITE_RECURSION = YES;
				CLANG_WARN_INT_CONVERSION = YES;
				CLANG_WARN_NON_LITERAL_NULL_CONVERSION = YES;
				CLANG_WARN_OBJC_IMPLICIT_RETAIN_SELF = YES;
				CLANG_WARN_OBJC_LITERAL_CONVERSION = YES;
				CLANG_WARN_OBJC_ROOT_CLASS = YES_ERROR;
				CLANG_WARN_QUOTED_INCLUDE_IN_FRAMEWORK_HEADER = YES;
				CLANG_WARN_RANGE_LOOP_ANALYSIS = YES;
				CLANG_WARN_STRICT_PROTOTYPES = YES;
				CLANG_WARN_SUSPICIOUS_MOVE = YES;
				CLANG_WARN_UNGUARDED_AVAILABILITY = YES_AGGRESSIVE;
				CLANG_WARN_UNREACHABLE_CODE = YES;
				CLANG_WARN__DUPLICATE_METHOD_MATCH = YES;
				COPY_PHASE_STRIP = NO;
				DEBUG_INFORMATION_FORMAT = dwarf;
				ENABLE_STRICT_OBJC_MSGSEND = YES;
				ENABLE_TESTABILITY = YES;
				GCC_C_LANGUAGE_STANDARD = gnu11;
				GCC_DYNAMIC_NO_PIC = NO;
				GCC_NO_COMMON_BLOCKS = YES;
				GCC_OPTIMIZATION_LEVEL = 0;
				GCC_PREPROCESSOR_DEFINITIONS = (
					"DEBUG=1",
					"$(inherited)",
				);
				GCC_WARN_64_TO_32_BIT_CONVERSION = YES;
				GCC_WARN_ABOUT_RETURN_TYPE = YES_ERROR;
				GCC_WARN_UNDECLARED_SELECTOR = YES;
				GCC_WARN_UNINITIALIZED_AUTOS = YES_AGGRESSIVE;
				GCC_WARN_UNUSED_FUNCTION = YES;
				GCC_WARN_UNUSED_VARIABLE = YES;
				MACOSX_DEPLOYMENT_TARGET = 12.3;
				MTL_ENABLE_DEBUG_INFO = INCLUDE_SOURCE;
				MTL_FAST_MATH = YES;
				ONLY_ACTIVE_ARCH = YES;
				SDKROOT = macosx;
			};
			name = Debug;
		};
		2A9974B827E1C83D00EF5F3E /* Release */ = {
			isa = XCBuildConfiguration;
			buildSettings = {
				ALWAYS_SEARCH_USER_PATHS = NO;
				CLANG_ANALYZER_NONNULL = YES;
				CLANG_ANALYZER_NUMBER_OBJECT_CONVERSION = YES_AGGRESSIVE;
				CLANG_CXX_LANGUAGE_STANDARD = "gnu++17";
				CLANG_ENABLE_MODULES = YES;
				CLANG_ENABLE_OBJC_ARC = YES;
				CLANG_ENABLE_OBJC_WEAK = YES;
				CLANG_WARN_BLOCK_CAPTURE_AUTORELEASING = YES;
				CLANG_WARN_BOOL_CONVERSION = YES;
				CLANG_WARN_COMMA = YES;
				CLANG_WARN_CONSTANT_CONVERSION = YES;
				CLANG_WARN_DEPRECATED_OBJC_IMPLEMENTATIONS = YES;
				CLANG_WARN_DIRECT_OBJC_ISA_USAGE = YES_ERROR;
				CLANG_WARN_DOCUMENTATION_COMMENTS = YES;
				CLANG_WARN_EMPTY_BODY = YES;
				CLANG_WARN_ENUM_CONVERSION = YES;
				CLANG_WARN_INFINITE_RECURSION = YES;
				CLANG_WARN_INT_CONVERSION = YES;
				CLANG_WARN_NON_LITERAL_NULL_CONVERSION = YES;
				CLANG_WARN_OBJC_IMPLICIT_RETAIN_SELF = YES;
				CLANG_WARN_OBJC_LITERAL_CONVERSION = YES;
				CLANG_WARN_OBJC_ROOT_CLASS = YES_ERROR;
				CLANG_WARN_QUOTED_INCLUDE_IN_FRAMEWORK_HEADER = YES;
				CLANG_WARN_RANGE_LOOP_ANALYSIS = YES;
				CLANG_WARN_STRICT_PROTOTYPES = YES;
				CLANG_WARN_SUSPICIOUS_MOVE = YES;
				CLANG_WARN_UNGUARDED_AVAILABILITY = YES_AGGRESSIVE;
				CLANG_WARN_UNREACHABLE_CODE = YES;
				CLANG_WARN__DUPLICATE_METHOD_MATCH = YES;
				COPY_PHASE_STRIP = NO;
				DEBUG_INFORMATION_FORMAT = "dwarf-with-dsym";
				ENABLE_NS_ASSERTIONS = NO;
				ENABLE_STRICT_OBJC_MSGSEND = YES;
				GCC_C_LANGUAGE_STANDARD = gnu11;
				GCC_NO_COMMON_BLOCKS = YES;
				GCC_WARN_64_TO_32_BIT_CONVERSION = YES;
				GCC_WARN_ABOUT_RETURN_TYPE = YES_ERROR;
				GCC_WARN_UNDECLARED_SELECTOR = YES;
				GCC_WARN_UNINITIALIZED_AUTOS = YES_AGGRESSIVE;
				GCC_WARN_UNUSED_FUNCTION = YES;
				GCC_WARN_UNUSED_VARIABLE = YES;
				MACOSX_DEPLOYMENT_TARGET = 12.3;
				MTL_ENABLE_DEBUG_INFO = NO;
				MTL_FAST_MATH = YES;
				SDKROOT = macosx;
			};
			name = Release;
		};
		2A9974BA27E1C83D00EF5F3E /* Debug */ = {
			isa = XCBuildConfiguration;
			buildSettings = {
				CODE_SIGN_STYLE = Automatic;
				DEVELOPMENT_TEAM = 9U2KRZU6GT;
				ENABLE_HARDENED_RUNTIME = YES;
				HEADER_SEARCH_PATHS = (
					/usr/local/Cellar/glfw/3.3.6/include,
					/usr/local/include,
				);
				LIBRARY_SEARCH_PATHS = (
					"$(inherited)",
					/usr/local/Cellar/glfw/3.3.6/lib,
				);
				PRODUCT_NAME = "$(TARGET_NAME)";
			};
			name = Debug;
		};
		2A9974BB27E1C83D00EF5F3E /* Release */ = {
			isa = XCBuildConfiguration;
			buildSettings = {
				CODE_SIGN_STYLE = Automatic;
				DEVELOPMENT_TEAM = 9U2KRZU6GT;
				ENABLE_HARDENED_RUNTIME = YES;
				HEADER_SEARCH_PATHS = (
					/usr/local/Cellar/glfw/3.3.6/include,
					/usr/local/include,
				);
				LIBRARY_SEARCH_PATHS = (
					"$(inherited)",
					/usr/local/Cellar/glfw/3.3.6/lib,
				);
				PRODUCT_NAME = "$(TARGET_NAME)";
			};
			name = Release;
		};
/* End XCBuildConfiguration section */

/* Begin XCConfigurationList section */
		2A9974AD27E1C83D00EF5F3E /* Build configuration list for PBXProject "LearnOpenGL" */ = {
			isa = XCConfigurationList;
			buildConfigurations = (
				2A9974B727E1C83D00EF5F3E /* Debug */,
				2A9974B827E1C83D00EF5F3E /* Release */,
			);
			defaultConfigurationIsVisible = 0;
			defaultConfigurationName = Release;
		};
		2A9974B927E1C83D00EF5F3E /* Build configuration list for PBXNativeTarget "LearnOpenGL" */ = {
			isa = XCConfigurationList;
			buildConfigurations = (
				2A9974BA27E1C83D00EF5F3E /* Debug */,
				2A9974BB27E1C83D00EF5F3E /* Release */,
			);
			defaultConfigurationIsVisible = 0;
			defaultConfigurationName = Release;
		};
/* End XCConfigurationList section */
	};
	rootObject = 2A9974AA27E1C83D00EF5F3E /* Project object */;
}
